
Microsoft Visual Studio Solution File, Format Version 12.00
# Visual Studio 15
VisualStudioVersion = 15.0.28010.2050
MinimumVisualStudioVersion = 10.0.40219.1
Project("{FAE04EC0-301F-11D3-BF4B-00C04F79EFBC}") = "method_passByValueAndPassByRefrance", "method_passByValueAndPassByRefrance\method_passByValueAndPassByRefrance.csproj", "{8AB89B44-5DA4-419F-9E8E-100F0CF1FE46}"
EndProject
Global
	GlobalSection(SolutionConfigurationPlatforms) = preSolution
		Debug|Any CPU = Debug|Any CPU
		Release|Any CPU = Release|Any CPU
	EndGlobalSection
	GlobalSection(ProjectConfigurationPlatforms) = postSolution
		{8AB89B44-5DA4-419F-9E8E-100F0CF1FE46}.Debug|Any CPU.ActiveCfg = Debug|Any CPU
		{8AB89B44-5DA4-419F-9E8E-100F0CF1FE46}.Debug|Any CPU.Build.0 = Debug|Any CPU
		{8AB89B44-5DA4-419F-9E8E-100F0CF1FE46}.Release|Any CPU.ActiveCfg = Release|Any CPU
		{8AB89B44-5DA4-419F-9E8E-100F0CF1FE46}.Release|Any CPU.Build.0 = Release|Any CPU
	EndGlobalSection
	GlobalSection(SolutionProperties) = preSolution
		HideSolutionNode = FALSE
	EndGlobalSection
	GlobalSection(ExtensibilityGlobals) = postSolution
		SolutionGuid = {46C7F107-1281-412B-AC14-6FAB9F44C737}
	EndGlobalSection
EndGlobal
