
Microsoft Visual Studio Solution File, Format Version 12.00
# Visual Studio 15
VisualStudioVersion = 15.0.28010.2050
MinimumVisualStudioVersion = 10.0.40219.1
Project("{FAE04EC0-301F-11D3-BF4B-00C04F79EFBC}") = "Return_type_method", "Return_type_method\Return_type_method.csproj", "{D256C0AA-5A75-477F-9315-D67F8E40D88E}"
EndProject
Global
	GlobalSection(SolutionConfigurationPlatforms) = preSolution
		Debug|Any CPU = Debug|Any CPU
		Release|Any CPU = Release|Any CPU
	EndGlobalSection
	GlobalSection(ProjectConfigurationPlatforms) = postSolution
		{D256C0AA-5A75-477F-9315-D67F8E40D88E}.Debug|Any CPU.ActiveCfg = Debug|Any CPU
		{D256C0AA-5A75-477F-9315-D67F8E40D88E}.Debug|Any CPU.Build.0 = Debug|Any CPU
		{D256C0AA-5A75-477F-9315-D67F8E40D88E}.Release|Any CPU.ActiveCfg = Release|Any CPU
		{D256C0AA-5A75-477F-9315-D67F8E40D88E}.Release|Any CPU.Build.0 = Release|Any CPU
	EndGlobalSection
	GlobalSection(SolutionProperties) = preSolution
		HideSolutionNode = FALSE
	EndGlobalSection
	GlobalSection(ExtensibilityGlobals) = postSolution
		SolutionGuid = {D5571839-D453-4912-B4F8-9C5C72FF641F}
	EndGlobalSection
EndGlobal
