
Microsoft Visual Studio Solution File, Format Version 12.00
# Visual Studio 15
VisualStudioVersion = 15.0.28010.2050
MinimumVisualStudioVersion = 10.0.40219.1
Project("{FAE04EC0-301F-11D3-BF4B-00C04F79EFBC}") = "Csh-basic-Programing", "Csh-basic-Programing\Csh-basic-Programing.csproj", "{E6EA3182-4686-48FB-B890-DAAAE0039F3E}"
EndProject
Global
	GlobalSection(SolutionConfigurationPlatforms) = preSolution
		Debug|Any CPU = Debug|Any CPU
		Release|Any CPU = Release|Any CPU
	EndGlobalSection
	GlobalSection(ProjectConfigurationPlatforms) = postSolution
		{E6EA3182-4686-48FB-B890-DAAAE0039F3E}.Debug|Any CPU.ActiveCfg = Debug|Any CPU
		{E6EA3182-4686-48FB-B890-DAAAE0039F3E}.Debug|Any CPU.Build.0 = Debug|Any CPU
		{E6EA3182-4686-48FB-B890-DAAAE0039F3E}.Release|Any CPU.ActiveCfg = Release|Any CPU
		{E6EA3182-4686-48FB-B890-DAAAE0039F3E}.Release|Any CPU.Build.0 = Release|Any CPU
	EndGlobalSection
	GlobalSection(SolutionProperties) = preSolution
		HideSolutionNode = FALSE
	EndGlobalSection
	GlobalSection(ExtensibilityGlobals) = postSolution
		SolutionGuid = {37489490-6B22-43FD-8E7D-BFAD66D5F104}
	EndGlobalSection
EndGlobal
