
Microsoft Visual Studio Solution File, Format Version 12.00
# Visual Studio 15
VisualStudioVersion = 15.0.28010.2050
MinimumVisualStudioVersion = 10.0.40219.1
Project("{FAE04EC0-301F-11D3-BF4B-00C04F79EFBC}") = "Outher_All_STMTdoWhileSwitch", "Outher_All_STMTdoWhileSwitch\Outher_All_STMTdoWhileSwitch.csproj", "{A91E5255-B609-4CDF-B1CD-FEB1D1ACD93F}"
EndProject
Global
	GlobalSection(SolutionConfigurationPlatforms) = preSolution
		Debug|Any CPU = Debug|Any CPU
		Release|Any CPU = Release|Any CPU
	EndGlobalSection
	GlobalSection(ProjectConfigurationPlatforms) = postSolution
		{A91E5255-B609-4CDF-B1CD-FEB1D1ACD93F}.Debug|Any CPU.ActiveCfg = Debug|Any CPU
		{A91E5255-B609-4CDF-B1CD-FEB1D1ACD93F}.Debug|Any CPU.Build.0 = Debug|Any CPU
		{A91E5255-B609-4CDF-B1CD-FEB1D1ACD93F}.Release|Any CPU.ActiveCfg = Release|Any CPU
		{A91E5255-B609-4CDF-B1CD-FEB1D1ACD93F}.Release|Any CPU.Build.0 = Release|Any CPU
	EndGlobalSection
	GlobalSection(SolutionProperties) = preSolution
		HideSolutionNode = FALSE
	EndGlobalSection
	GlobalSection(ExtensibilityGlobals) = postSolution
		SolutionGuid = {25833230-8906-42FF-AD67-93F1F8B91C7E}
	EndGlobalSection
EndGlobal
