
Microsoft Visual Studio Solution File, Format Version 12.00
# Visual Studio 15
VisualStudioVersion = 15.0.28010.2050
MinimumVisualStudioVersion = 10.0.40219.1
Project("{FAE04EC0-301F-11D3-BF4B-00C04F79EFBC}") = "Some_keyword_VarEnumStruct", "Some_keyword_VarEnumStruct\Some_keyword_VarEnumStruct.csproj", "{9B4A7227-90DF-4EC3-B82D-B7D4F56B5211}"
EndProject
Global
	GlobalSection(SolutionConfigurationPlatforms) = preSolution
		Debug|Any CPU = Debug|Any CPU
		Release|Any CPU = Release|Any CPU
	EndGlobalSection
	GlobalSection(ProjectConfigurationPlatforms) = postSolution
		{9B4A7227-90DF-4EC3-B82D-B7D4F56B5211}.Debug|Any CPU.ActiveCfg = Debug|Any CPU
		{9B4A7227-90DF-4EC3-B82D-B7D4F56B5211}.Debug|Any CPU.Build.0 = Debug|Any CPU
		{9B4A7227-90DF-4EC3-B82D-B7D4F56B5211}.Release|Any CPU.ActiveCfg = Release|Any CPU
		{9B4A7227-90DF-4EC3-B82D-B7D4F56B5211}.Release|Any CPU.Build.0 = Release|Any CPU
	EndGlobalSection
	GlobalSection(SolutionProperties) = preSolution
		HideSolutionNode = FALSE
	EndGlobalSection
	GlobalSection(ExtensibilityGlobals) = postSolution
		SolutionGuid = {8A4011F8-ED69-4F12-9FF9-36DDFF845B5B}
	EndGlobalSection
EndGlobal
